
Microsoft Visual Studio Solution File, Format Version 12.00
# Visual Studio 15
VisualStudioVersion = 15.0.27428.2015
MinimumVisualStudioVersion = 10.0.40219.1
Project("{8BC9CEB8-8B4A-11D0-8D11-00A0C91BC942}") = "时间的相加", "时间的相加\时间的相加.vcxproj", "{F67CBF22-F47F-4248-8D32-86F3DCEE1259}"
EndProject
Global
	GlobalSection(SolutionConfigurationPlatforms) = preSolution
		Debug|x64 = Debug|x64
		Debug|x86 = Debug|x86
		Release|x64 = Release|x64
		Release|x86 = Release|x86
	EndGlobalSection
	GlobalSection(ProjectConfigurationPlatforms) = postSolution
		{F67CBF22-F47F-4248-8D32-86F3DCEE1259}.Debug|x64.ActiveCfg = Debug|x64
		{F67CBF22-F47F-4248-8D32-86F3DCEE1259}.Debug|x64.Build.0 = Debug|x64
		{F67CBF22-F47F-4248-8D32-86F3DCEE1259}.Debug|x86.ActiveCfg = Debug|Win32
		{F67CBF22-F47F-4248-8D32-86F3DCEE1259}.Debug|x86.Build.0 = Debug|Win32
		{F67CBF22-F47F-4248-8D32-86F3DCEE1259}.Release|x64.ActiveCfg = Release|x64
		{F67CBF22-F47F-4248-8D32-86F3DCEE1259}.Release|x64.Build.0 = Release|x64
		{F67CBF22-F47F-4248-8D32-86F3DCEE1259}.Release|x86.ActiveCfg = Release|Win32
		{F67CBF22-F47F-4248-8D32-86F3DCEE1259}.Release|x86.Build.0 = Release|Win32
	EndGlobalSection
	GlobalSection(SolutionProperties) = preSolution
		HideSolutionNode = FALSE
	EndGlobalSection
	GlobalSection(ExtensibilityGlobals) = postSolution
		SolutionGuid = {376F69C9-A70E-4164-AC6F-60A2D69E3A18}
	EndGlobalSection
EndGlobal
